
Microsoft Visual Studio Solution File, Format Version 12.00
# Visual Studio Version 16
VisualStudioVersion = 16.0.31205.134
MinimumVisualStudioVersion = 10.0.40219.1
Project("{FAE04EC0-301F-11D3-BF4B-00C04F79EFBC}") = "Filters", "Filters\Filters.csproj", "{32389753-6C57-4929-B3E1-4648B2C9BB08}"
EndProject
Global
	GlobalSection(SolutionConfigurationPlatforms) = preSolution
		Debug|Any CPU = Debug|Any CPU
		Release|Any CPU = Release|Any CPU
	EndGlobalSection
	GlobalSection(ProjectConfigurationPlatforms) = postSolution
		{32389753-6C57-4929-B3E1-4648B2C9BB08}.Debug|Any CPU.ActiveCfg = Debug|Any CPU
		{32389753-6C57-4929-B3E1-4648B2C9BB08}.Debug|Any CPU.Build.0 = Debug|Any CPU
		{32389753-6C57-4929-B3E1-4648B2C9BB08}.Release|Any CPU.ActiveCfg = Release|Any CPU
		{32389753-6C57-4929-B3E1-4648B2C9BB08}.Release|Any CPU.Build.0 = Release|Any CPU
	EndGlobalSection
	GlobalSection(SolutionProperties) = preSolution
		HideSolutionNode = FALSE
	EndGlobalSection
	GlobalSection(ExtensibilityGlobals) = postSolution
		SolutionGuid = {1DAA76CF-FB2E-4652-919E-48A89A3EF788}
	EndGlobalSection
EndGlobal
